{
  "name": "death_chest",
  "lockfileVersion": 3,
  "requires": true,
  "packages": {
    "": {
      "dependencies": {
        "@minecraft/server": "^1.9.0",
        "@minecraft/server-gametest": "^1.0.0-beta.11940b24",
        "@minecraft/vanilla-data": "^1.20.80"
      }
    },
    "node_modules/@minecraft/common": {
      "version": "1.2.0",
      "resolved": "https://registry.npmjs.org/@minecraft/common/-/common-1.2.0.tgz",
      "integrity": "sha512-JdmEq4P3Z/FtoBzhLijFgMSVFnFRrUoLwY8DHHrgtFo0mfLTOLTB1RErYjLMsA6b7BGVNxkX/pfFRiH7QZ0XwQ=="
    },
    "node_modules/@minecraft/server": {
      "version": "1.9.0",
      "resolved": "https://registry.npmjs.org/@minecraft/server/-/server-1.9.0.tgz",
      "integrity": "sha512-PhOLfCYM83t24TY3+8WA5zCRGCyG/89VC6ZSi4Ye92QZORC/0Td5JIh2ctJtUhAiYCbct/Ph/Of3BCi8/itr6A==",
      "dependencies": {
        "@minecraft/common": "^1.1.0"
      }
    },
    "node_modules/@minecraft/server-gametest": {
      "version": "1.0.0-beta.11940b24",
      "resolved": "https://registry.npmjs.org/@minecraft/server-gametest/-/server-gametest-1.0.0-beta.11940b24.tgz",
      "integrity": "sha512-TOecKhn3degu829tLYix5jlX2SN2u8xR7zA3YIzjN3WVdvPyrjr/tEKbkztf1gdmYgvm7aBu9gT3riSulz2jBw==",
      "deprecated": "No longer supported",
      "dependencies": {
        "@minecraft/server": "1.0.0-beta.11940b24"
      }
    },
    "node_modules/@minecraft/server-gametest/node_modules/@minecraft/server": {
      "version": "1.0.0-beta.11940b24",
      "resolved": "https://registry.npmjs.org/@minecraft/server/-/server-1.0.0-beta.11940b24.tgz",
      "integrity": "sha512-1d5hXQ/g+kWvpoWiQ/IInxTeOxM6RECQ2+l3bR4AmmZ58NRq4pPYevaEvhVs06yKeM/3FmSPVqBu1/Lr6gN1Rg==",
      "deprecated": "No longer supported"
    },
    "node_modules/@minecraft/vanilla-data": {
      "version": "1.20.80",
      "resolved": "https://registry.npmjs.org/@minecraft/vanilla-data/-/vanilla-data-1.20.80.tgz",
      "integrity": "sha512-eQUBaDy1RtZxcu74Gpv4k5uEGzDseB+QruuokXgfcC/dHaZkpD4KCNFSsbDbISBpJ+6BbnidTQLVQai8OCkxpg=="
    }
  }
}
